Microsoft Visual Studio Solution File, Format Version 8.00
Project("{FAE04EC0-301F-11D3-BF4B-00C04F79EFBC}") = "CollectionBase", "CollectionBase.csproj", "{D85AA923-F813-4B60-927F-DEDED356F05A}"
	ProjectSection(ProjectDependencies) = postProject
	EndProjectSection
EndProject
Global
	GlobalSection(SolutionConfiguration) = preSolution
		Debug = Debug
		Release = Release
	EndGlobalSection
	GlobalSection(ProjectConfiguration) = postSolution
		{D85AA923-F813-4B60-927F-DEDED356F05A}.Debug.ActiveCfg = Debug|.NET
		{D85AA923-F813-4B60-927F-DEDED356F05A}.Debug.Build.0 = Debug|.NET
		{D85AA923-F813-4B60-927F-DEDED356F05A}.Release.ActiveCfg = Release|.NET
		{D85AA923-F813-4B60-927F-DEDED356F05A}.Release.Build.0 = Release|.NET
	EndGlobalSection
	GlobalSection(ExtensibilityGlobals) = postSolution
	EndGlobalSection
	GlobalSection(ExtensibilityAddIns) = postSolution
	EndGlobalSection
EndGlobal
