
Microsoft Visual Studio Solution File, Format Version 10.00
# Visual Studio 2008
Project("{FAE04EC0-301F-11D3-BF4B-00C04F79EFBC}") = "Threadings", "Threadings\Threadings.csproj", "{EA4E9130-8284-4367-9EF0-E30E93EA90E8}"
EndProject
Global
	GlobalSection(SolutionConfigurationPlatforms) = preSolution
		Debug|Any CPU = Debug|Any CPU
		Release|Any CPU = Release|Any CPU
	EndGlobalSection
	GlobalSection(ProjectConfigurationPlatforms) = postSolution
		{EA4E9130-8284-4367-9EF0-E30E93EA90E8}.Debug|Any CPU.ActiveCfg = Debug|Any CPU
		{EA4E9130-8284-4367-9EF0-E30E93EA90E8}.Debug|Any CPU.Build.0 = Debug|Any CPU
		{EA4E9130-8284-4367-9EF0-E30E93EA90E8}.Release|Any CPU.ActiveCfg = Release|Any CPU
		{EA4E9130-8284-4367-9EF0-E30E93EA90E8}.Release|Any CPU.Build.0 = Release|Any CPU
	EndGlobalSection
	GlobalSection(SolutionProperties) = preSolution
		HideSolutionNode = FALSE
	EndGlobalSection
EndGlobal
