
Microsoft Visual Studio Solution File, Format Version 10.00
# Visual Studio 2008
Project("{FAE04EC0-301F-11D3-BF4B-00C04F79EFBC}") = "Serializations", "Serializations\Serializations.csproj", "{B9C84D7D-DCB3-4678-B8BE-8B34649705AF}"
EndProject
Global
	GlobalSection(SolutionConfigurationPlatforms) = preSolution
		Debug|Any CPU = Debug|Any CPU
		Release|Any CPU = Release|Any CPU
	EndGlobalSection
	GlobalSection(ProjectConfigurationPlatforms) = postSolution
		{B9C84D7D-DCB3-4678-B8BE-8B34649705AF}.Debug|Any CPU.ActiveCfg = Debug|Any CPU
		{B9C84D7D-DCB3-4678-B8BE-8B34649705AF}.Debug|Any CPU.Build.0 = Debug|Any CPU
		{B9C84D7D-DCB3-4678-B8BE-8B34649705AF}.Release|Any CPU.ActiveCfg = Release|Any CPU
		{B9C84D7D-DCB3-4678-B8BE-8B34649705AF}.Release|Any CPU.Build.0 = Release|Any CPU
	EndGlobalSection
	GlobalSection(SolutionProperties) = preSolution
		HideSolutionNode = FALSE
	EndGlobalSection
EndGlobal
