
Microsoft Visual Studio Solution File, Format Version 9.00
# Visual Studio 2005
Project("{FAE04EC0-301F-11D3-BF4B-00C04F79EFBC}") = "multiplication", "multiplication\multiplication.csproj", "{AD949A8D-586E-419E-B242-8D7A3FA44D46}"
EndProject
Global
	GlobalSection(SolutionConfigurationPlatforms) = preSolution
		Debug|Any CPU = Debug|Any CPU
		Release|Any CPU = Release|Any CPU
	EndGlobalSection
	GlobalSection(ProjectConfigurationPlatforms) = postSolution
		{AD949A8D-586E-419E-B242-8D7A3FA44D46}.Debug|Any CPU.ActiveCfg = Debug|Any CPU
		{AD949A8D-586E-419E-B242-8D7A3FA44D46}.Debug|Any CPU.Build.0 = Debug|Any CPU
		{AD949A8D-586E-419E-B242-8D7A3FA44D46}.Release|Any CPU.ActiveCfg = Release|Any CPU
		{AD949A8D-586E-419E-B242-8D7A3FA44D46}.Release|Any CPU.Build.0 = Release|Any CPU
	EndGlobalSection
	GlobalSection(SolutionProperties) = preSolution
		HideSolutionNode = FALSE
	EndGlobalSection
EndGlobal
